
Microsoft Visual Studio Solution File, Format Version 12.00
# Visual Studio 15
VisualStudioVersion = 15.0.28010.2046
MinimumVisualStudioVersion = 10.0.40219.1
Project("{FAE04EC0-301F-11D3-BF4B-00C04F79EFBC}") = "LINQ001", "LINQ001\LINQ001.csproj", "{3CFF200B-B153-4C9D-B844-E4AF6B55546C}"
EndProject
Project("{FAE04EC0-301F-11D3-BF4B-00C04F79EFBC}") = "SubsetSum", "SubsetSum\SubsetSum.csproj", "{EE320EBA-47A6-4CC2-A88A-0D0473C8707A}"
EndProject
Global
	GlobalSection(SolutionConfigurationPlatforms) = preSolution
		Debug|Any CPU = Debug|Any CPU
		Release|Any CPU = Release|Any CPU
	EndGlobalSection
	GlobalSection(ProjectConfigurationPlatforms) = postSolution
		{3CFF200B-B153-4C9D-B844-E4AF6B55546C}.Debug|Any CPU.ActiveCfg = Debug|Any CPU
		{3CFF200B-B153-4C9D-B844-E4AF6B55546C}.Debug|Any CPU.Build.0 = Debug|Any CPU
		{3CFF200B-B153-4C9D-B844-E4AF6B55546C}.Release|Any CPU.ActiveCfg = Release|Any CPU
		{3CFF200B-B153-4C9D-B844-E4AF6B55546C}.Release|Any CPU.Build.0 = Release|Any CPU
		{EE320EBA-47A6-4CC2-A88A-0D0473C8707A}.Debug|Any CPU.ActiveCfg = Debug|Any CPU
		{EE320EBA-47A6-4CC2-A88A-0D0473C8707A}.Debug|Any CPU.Build.0 = Debug|Any CPU
		{EE320EBA-47A6-4CC2-A88A-0D0473C8707A}.Release|Any CPU.ActiveCfg = Release|Any CPU
		{EE320EBA-47A6-4CC2-A88A-0D0473C8707A}.Release|Any CPU.Build.0 = Release|Any CPU
	EndGlobalSection
	GlobalSection(SolutionProperties) = preSolution
		HideSolutionNode = FALSE
	EndGlobalSection
	GlobalSection(ExtensibilityGlobals) = postSolution
		SolutionGuid = {E23B3FF6-FBB2-4795-A2BF-8F55BE954649}
	EndGlobalSection
EndGlobal
