
Microsoft Visual Studio Solution File, Format Version 12.00
# Visual Studio Version 16
VisualStudioVersion = 16.0.31025.194
MinimumVisualStudioVersion = 10.0.40219.1
Project("{FAE04EC0-301F-11D3-BF4B-00C04F79EFBC}") = "LINQ001", "LINQ001\LINQ001.csproj", "{3CFF200B-B153-4C9D-B844-E4AF6B55546C}"
EndProject
Project("{FAE04EC0-301F-11D3-BF4B-00C04F79EFBC}") = "SubsetSum", "SubsetSum\SubsetSum.csproj", "{EE320EBA-47A6-4CC2-A88A-0D0473C8707A}"
EndProject
Project("{FAE04EC0-301F-11D3-BF4B-00C04F79EFBC}") = "SubsetSumDyn", "ConsoleApp1\SubsetSumDyn.csproj", "{1B732FD6-17C7-4E6C-91D3-A369C1E896FA}"
EndProject
Project("{FAE04EC0-301F-11D3-BF4B-00C04F79EFBC}") = "MVC1", "MVC1\MVC1.csproj", "{77BBCCFB-ACE1-4629-AF99-FCA987C97853}"
EndProject
Project("{FAE04EC0-301F-11D3-BF4B-00C04F79EFBC}") = "Serializers", "Serializers\Serializers.csproj", "{F04E5F17-CDEB-4724-98E7-3FB3A7C6CF5B}"
EndProject
Project("{FAE04EC0-301F-11D3-BF4B-00C04F79EFBC}") = "CharTabulator", "CharTabulator\CharTabulator.csproj", "{D8205AC1-08C1-441E-A64D-BFF765F6D007}"
EndProject
Project("{FAE04EC0-301F-11D3-BF4B-00C04F79EFBC}") = "CoveringBuildings", "Challenges\CoveringBuildings\CoveringBuildings.csproj", "{7B59A34E-8442-4FD3-9642-C9F2B7A8BAC8}"
EndProject
Global
	GlobalSection(SolutionConfigurationPlatforms) = preSolution
		Debug|Any CPU = Debug|Any CPU
		Release|Any CPU = Release|Any CPU
	EndGlobalSection
	GlobalSection(ProjectConfigurationPlatforms) = postSolution
		{3CFF200B-B153-4C9D-B844-E4AF6B55546C}.Debug|Any CPU.ActiveCfg = Debug|Any CPU
		{3CFF200B-B153-4C9D-B844-E4AF6B55546C}.Debug|Any CPU.Build.0 = Debug|Any CPU
		{3CFF200B-B153-4C9D-B844-E4AF6B55546C}.Release|Any CPU.ActiveCfg = Release|Any CPU
		{3CFF200B-B153-4C9D-B844-E4AF6B55546C}.Release|Any CPU.Build.0 = Release|Any CPU
		{EE320EBA-47A6-4CC2-A88A-0D0473C8707A}.Debug|Any CPU.ActiveCfg = Debug|Any CPU
		{EE320EBA-47A6-4CC2-A88A-0D0473C8707A}.Debug|Any CPU.Build.0 = Debug|Any CPU
		{EE320EBA-47A6-4CC2-A88A-0D0473C8707A}.Release|Any CPU.ActiveCfg = Release|Any CPU
		{EE320EBA-47A6-4CC2-A88A-0D0473C8707A}.Release|Any CPU.Build.0 = Release|Any CPU
		{1B732FD6-17C7-4E6C-91D3-A369C1E896FA}.Debug|Any CPU.ActiveCfg = Debug|Any CPU
		{1B732FD6-17C7-4E6C-91D3-A369C1E896FA}.Debug|Any CPU.Build.0 = Debug|Any CPU
		{1B732FD6-17C7-4E6C-91D3-A369C1E896FA}.Release|Any CPU.ActiveCfg = Release|Any CPU
		{1B732FD6-17C7-4E6C-91D3-A369C1E896FA}.Release|Any CPU.Build.0 = Release|Any CPU
		{77BBCCFB-ACE1-4629-AF99-FCA987C97853}.Debug|Any CPU.ActiveCfg = Debug|Any CPU
		{77BBCCFB-ACE1-4629-AF99-FCA987C97853}.Debug|Any CPU.Build.0 = Debug|Any CPU
		{77BBCCFB-ACE1-4629-AF99-FCA987C97853}.Release|Any CPU.ActiveCfg = Release|Any CPU
		{77BBCCFB-ACE1-4629-AF99-FCA987C97853}.Release|Any CPU.Build.0 = Release|Any CPU
		{F04E5F17-CDEB-4724-98E7-3FB3A7C6CF5B}.Debug|Any CPU.ActiveCfg = Debug|Any CPU
		{F04E5F17-CDEB-4724-98E7-3FB3A7C6CF5B}.Debug|Any CPU.Build.0 = Debug|Any CPU
		{F04E5F17-CDEB-4724-98E7-3FB3A7C6CF5B}.Release|Any CPU.ActiveCfg = Release|Any CPU
		{F04E5F17-CDEB-4724-98E7-3FB3A7C6CF5B}.Release|Any CPU.Build.0 = Release|Any CPU
		{D8205AC1-08C1-441E-A64D-BFF765F6D007}.Debug|Any CPU.ActiveCfg = Debug|Any CPU
		{D8205AC1-08C1-441E-A64D-BFF765F6D007}.Debug|Any CPU.Build.0 = Debug|Any CPU
		{D8205AC1-08C1-441E-A64D-BFF765F6D007}.Release|Any CPU.ActiveCfg = Release|Any CPU
		{D8205AC1-08C1-441E-A64D-BFF765F6D007}.Release|Any CPU.Build.0 = Release|Any CPU
		{7B59A34E-8442-4FD3-9642-C9F2B7A8BAC8}.Debug|Any CPU.ActiveCfg = Debug|Any CPU
		{7B59A34E-8442-4FD3-9642-C9F2B7A8BAC8}.Debug|Any CPU.Build.0 = Debug|Any CPU
		{7B59A34E-8442-4FD3-9642-C9F2B7A8BAC8}.Release|Any CPU.ActiveCfg = Release|Any CPU
		{7B59A34E-8442-4FD3-9642-C9F2B7A8BAC8}.Release|Any CPU.Build.0 = Release|Any CPU
	EndGlobalSection
	GlobalSection(SolutionProperties) = preSolution
		HideSolutionNode = FALSE
	EndGlobalSection
	GlobalSection(ExtensibilityGlobals) = postSolution
		SolutionGuid = {E23B3FF6-FBB2-4795-A2BF-8F55BE954649}
	EndGlobalSection
EndGlobal
